
Microsoft Visual Studio Solution File, Format Version 12.00
# Visual Studio Version 16
VisualStudioVersion = 16.0.29424.173
MinimumVisualStudioVersion = 10.0.40219.1
Project("{2150E333-8FDC-42A3-9474-1A3956D46DE8}") = "ApiGateways", "ApiGateways", "{15E512C4-6210-4A31-A6FB-9FDF94CA0FEA}"
EndProject
Project("{9A19103F-16F7-4668-BE54-9A1E7A4F7556}") = "WebApiGateway", "ApiGateways\WebApiGateway\WebApiGateway.csproj", "{134BD8D1-EFD8-4280-853A-6B8922FBD9CD}"
EndProject
Project("{2150E333-8FDC-42A3-9474-1A3956D46DE8}") = "Events", "Events", "{FC47D46A-57BB-4A1A-AC52-A227289E85A8}"
EndProject
Project("{9A19103F-16F7-4668-BE54-9A1E7A4F7556}") = "Events.API", "Events\Events.API\Events.API.csproj", "{01F1C6F4-0B87-4FDD-8DE1-3CE694002EE9}"
EndProject
Project("{2150E333-8FDC-42A3-9474-1A3956D46DE8}") = "BuildingBlocks", "BuildingBlocks", "{874A2AF7-C209-4C18-97E4-EB5C19A217CD}"
EndProject
Project("{2150E333-8FDC-42A3-9474-1A3956D46DE8}") = "Identity", "Identity", "{A91FE4BB-F2D8-4D25-93A1-1AB6968ECA1B}"
EndProject
Project("{9A19103F-16F7-4668-BE54-9A1E7A4F7556}") = "Identity", "Identity\Identity\Identity.csproj", "{0AD16FF0-4CC1-410B-AB44-231B8D8BC2A1}"
EndProject
Project("{2150E333-8FDC-42A3-9474-1A3956D46DE8}") = "Client", "Client", "{F7CA5FBB-65D9-47F5-B551-739F80C83051}"
EndProject
Project("{9A19103F-16F7-4668-BE54-9A1E7A4F7556}") = "WebApp", "Client\WebApp\WebApp.csproj", "{96A249F4-233D-420F-90F0-27F75F697421}"
EndProject
Project("{E53339B2-1760-4266-BCC7-CA923CBCF16C}") = "docker-compose", "docker-compose.dcproj", "{67BA4DB4-D940-4EDF-8D9F-BB44F17E6F10}"
EndProject
Project("{FAE04EC0-301F-11D3-BF4B-00C04F79EFBC}") = "Shared", "BuildingBlocks\Shared\Shared.csproj", "{409BAA86-CC54-4E33-9CCF-6B47549F1FB5}"
EndProject
Project("{FAE04EC0-301F-11D3-BF4B-00C04F79EFBC}") = "Cache", "BuildingBlocks\Cache\Cache.csproj", "{513CF9DC-9E8D-4B0D-AF41-71439645E68B}"
EndProject
Project("{FAE04EC0-301F-11D3-BF4B-00C04F79EFBC}") = "Tests", "BuildingBlocks\Tests\Tests.csproj", "{3DCF9F73-2D7D-4DD0-A741-B13A32D937FB}"
EndProject
Project("{2150E333-8FDC-42A3-9474-1A3956D46DE8}") = "Ticketing", "Ticketing", "{6D05D5BC-00C6-4330-A329-815209538136}"
EndProject
Project("{FAE04EC0-301F-11D3-BF4B-00C04F79EFBC}") = "Ticketing.API", "Ticketing\Ticketing.API\Ticketing.API.csproj", "{A4D22AB7-07A0-4B06-9A0D-E91EB1066D9B}"
EndProject
Project("{FAE04EC0-301F-11D3-BF4B-00C04F79EFBC}") = "Events.Tests", "Events\Events.Tests\Events.Tests.csproj", "{AF817439-6395-4CCB-AE2D-478FAE13BDB5}"
EndProject
Project("{FAE04EC0-301F-11D3-BF4B-00C04F79EFBC}") = "Ticketing.Domain", "Ticketing\Ticketing.Domain\Ticketing.Domain.csproj", "{980078BA-EDEF-4597-AFF5-9695BDCBEBCE}"
EndProject
Project("{FAE04EC0-301F-11D3-BF4B-00C04F79EFBC}") = "Ticketing.Infrastructure", "Ticketing\Ticketing.Infrastructure\Ticketing.Infrastructure.csproj", "{FBC599F3-E309-4230-8A7C-D11291BE5888}"
EndProject
Project("{2150E333-8FDC-42A3-9474-1A3956D46DE8}") = "Venu.Tests", "Venu.Tests", "{A7AAF327-CA00-421E-87FD-B8A73FE155B2}"
EndProject
Project("{FAE04EC0-301F-11D3-BF4B-00C04F79EFBC}") = "Ticketing.Tests", "Venu.Tests\Ticketing.Tests\Ticketing.Tests.csproj", "{2C77C1F4-70CB-4909-8520-5E099E472130}"
EndProject
Global
	GlobalSection(SolutionConfigurationPlatforms) = preSolution
		Debug|Any CPU = Debug|Any CPU
		Release|Any CPU = Release|Any CPU
	EndGlobalSection
	GlobalSection(ProjectConfigurationPlatforms) = postSolution
		{134BD8D1-EFD8-4280-853A-6B8922FBD9CD}.Debug|Any CPU.ActiveCfg = Debug|Any CPU
		{134BD8D1-EFD8-4280-853A-6B8922FBD9CD}.Debug|Any CPU.Build.0 = Debug|Any CPU
		{134BD8D1-EFD8-4280-853A-6B8922FBD9CD}.Release|Any CPU.ActiveCfg = Release|Any CPU
		{134BD8D1-EFD8-4280-853A-6B8922FBD9CD}.Release|Any CPU.Build.0 = Release|Any CPU
		{01F1C6F4-0B87-4FDD-8DE1-3CE694002EE9}.Debug|Any CPU.ActiveCfg = Debug|Any CPU
		{01F1C6F4-0B87-4FDD-8DE1-3CE694002EE9}.Debug|Any CPU.Build.0 = Debug|Any CPU
		{01F1C6F4-0B87-4FDD-8DE1-3CE694002EE9}.Release|Any CPU.ActiveCfg = Release|Any CPU
		{01F1C6F4-0B87-4FDD-8DE1-3CE694002EE9}.Release|Any CPU.Build.0 = Release|Any CPU
		{0AD16FF0-4CC1-410B-AB44-231B8D8BC2A1}.Debug|Any CPU.ActiveCfg = Debug|Any CPU
		{0AD16FF0-4CC1-410B-AB44-231B8D8BC2A1}.Debug|Any CPU.Build.0 = Debug|Any CPU
		{0AD16FF0-4CC1-410B-AB44-231B8D8BC2A1}.Release|Any CPU.ActiveCfg = Release|Any CPU
		{0AD16FF0-4CC1-410B-AB44-231B8D8BC2A1}.Release|Any CPU.Build.0 = Release|Any CPU
		{96A249F4-233D-420F-90F0-27F75F697421}.Debug|Any CPU.ActiveCfg = Debug|Any CPU
		{96A249F4-233D-420F-90F0-27F75F697421}.Debug|Any CPU.Build.0 = Debug|Any CPU
		{96A249F4-233D-420F-90F0-27F75F697421}.Release|Any CPU.ActiveCfg = Release|Any CPU
		{96A249F4-233D-420F-90F0-27F75F697421}.Release|Any CPU.Build.0 = Release|Any CPU
		{67BA4DB4-D940-4EDF-8D9F-BB44F17E6F10}.Debug|Any CPU.ActiveCfg = Debug|Any CPU
		{67BA4DB4-D940-4EDF-8D9F-BB44F17E6F10}.Debug|Any CPU.Build.0 = Debug|Any CPU
		{67BA4DB4-D940-4EDF-8D9F-BB44F17E6F10}.Release|Any CPU.ActiveCfg = Release|Any CPU
		{67BA4DB4-D940-4EDF-8D9F-BB44F17E6F10}.Release|Any CPU.Build.0 = Release|Any CPU
		{409BAA86-CC54-4E33-9CCF-6B47549F1FB5}.Debug|Any CPU.ActiveCfg = Debug|Any CPU
		{409BAA86-CC54-4E33-9CCF-6B47549F1FB5}.Debug|Any CPU.Build.0 = Debug|Any CPU
		{409BAA86-CC54-4E33-9CCF-6B47549F1FB5}.Release|Any CPU.ActiveCfg = Release|Any CPU
		{409BAA86-CC54-4E33-9CCF-6B47549F1FB5}.Release|Any CPU.Build.0 = Release|Any CPU
		{513CF9DC-9E8D-4B0D-AF41-71439645E68B}.Debug|Any CPU.ActiveCfg = Debug|Any CPU
		{513CF9DC-9E8D-4B0D-AF41-71439645E68B}.Debug|Any CPU.Build.0 = Debug|Any CPU
		{513CF9DC-9E8D-4B0D-AF41-71439645E68B}.Release|Any CPU.ActiveCfg = Release|Any CPU
		{513CF9DC-9E8D-4B0D-AF41-71439645E68B}.Release|Any CPU.Build.0 = Release|Any CPU
		{3DCF9F73-2D7D-4DD0-A741-B13A32D937FB}.Debug|Any CPU.ActiveCfg = Debug|Any CPU
		{3DCF9F73-2D7D-4DD0-A741-B13A32D937FB}.Debug|Any CPU.Build.0 = Debug|Any CPU
		{3DCF9F73-2D7D-4DD0-A741-B13A32D937FB}.Release|Any CPU.ActiveCfg = Release|Any CPU
		{3DCF9F73-2D7D-4DD0-A741-B13A32D937FB}.Release|Any CPU.Build.0 = Release|Any CPU
		{A4D22AB7-07A0-4B06-9A0D-E91EB1066D9B}.Debug|Any CPU.ActiveCfg = Debug|Any CPU
		{A4D22AB7-07A0-4B06-9A0D-E91EB1066D9B}.Debug|Any CPU.Build.0 = Debug|Any CPU
		{A4D22AB7-07A0-4B06-9A0D-E91EB1066D9B}.Release|Any CPU.ActiveCfg = Release|Any CPU
		{A4D22AB7-07A0-4B06-9A0D-E91EB1066D9B}.Release|Any CPU.Build.0 = Release|Any CPU
		{AF817439-6395-4CCB-AE2D-478FAE13BDB5}.Debug|Any CPU.ActiveCfg = Debug|Any CPU
		{AF817439-6395-4CCB-AE2D-478FAE13BDB5}.Debug|Any CPU.Build.0 = Debug|Any CPU
		{AF817439-6395-4CCB-AE2D-478FAE13BDB5}.Release|Any CPU.ActiveCfg = Release|Any CPU
		{AF817439-6395-4CCB-AE2D-478FAE13BDB5}.Release|Any CPU.Build.0 = Release|Any CPU
		{980078BA-EDEF-4597-AFF5-9695BDCBEBCE}.Debug|Any CPU.ActiveCfg = Debug|Any CPU
		{980078BA-EDEF-4597-AFF5-9695BDCBEBCE}.Debug|Any CPU.Build.0 = Debug|Any CPU
		{980078BA-EDEF-4597-AFF5-9695BDCBEBCE}.Release|Any CPU.ActiveCfg = Release|Any CPU
		{980078BA-EDEF-4597-AFF5-9695BDCBEBCE}.Release|Any CPU.Build.0 = Release|Any CPU
		{FBC599F3-E309-4230-8A7C-D11291BE5888}.Debug|Any CPU.ActiveCfg = Debug|Any CPU
		{FBC599F3-E309-4230-8A7C-D11291BE5888}.Debug|Any CPU.Build.0 = Debug|Any CPU
		{FBC599F3-E309-4230-8A7C-D11291BE5888}.Release|Any CPU.ActiveCfg = Release|Any CPU
		{FBC599F3-E309-4230-8A7C-D11291BE5888}.Release|Any CPU.Build.0 = Release|Any CPU
		{2C77C1F4-70CB-4909-8520-5E099E472130}.Debug|Any CPU.ActiveCfg = Debug|Any CPU
		{2C77C1F4-70CB-4909-8520-5E099E472130}.Debug|Any CPU.Build.0 = Debug|Any CPU
		{2C77C1F4-70CB-4909-8520-5E099E472130}.Release|Any CPU.ActiveCfg = Release|Any CPU
		{2C77C1F4-70CB-4909-8520-5E099E472130}.Release|Any CPU.Build.0 = Release|Any CPU
	EndGlobalSection
	GlobalSection(SolutionProperties) = preSolution
		HideSolutionNode = FALSE
	EndGlobalSection
	GlobalSection(NestedProjects) = preSolution
		{134BD8D1-EFD8-4280-853A-6B8922FBD9CD} = {15E512C4-6210-4A31-A6FB-9FDF94CA0FEA}
		{01F1C6F4-0B87-4FDD-8DE1-3CE694002EE9} = {FC47D46A-57BB-4A1A-AC52-A227289E85A8}
		{0AD16FF0-4CC1-410B-AB44-231B8D8BC2A1} = {A91FE4BB-F2D8-4D25-93A1-1AB6968ECA1B}
		{96A249F4-233D-420F-90F0-27F75F697421} = {F7CA5FBB-65D9-47F5-B551-739F80C83051}
		{409BAA86-CC54-4E33-9CCF-6B47549F1FB5} = {874A2AF7-C209-4C18-97E4-EB5C19A217CD}
		{513CF9DC-9E8D-4B0D-AF41-71439645E68B} = {874A2AF7-C209-4C18-97E4-EB5C19A217CD}
		{3DCF9F73-2D7D-4DD0-A741-B13A32D937FB} = {874A2AF7-C209-4C18-97E4-EB5C19A217CD}
		{A4D22AB7-07A0-4B06-9A0D-E91EB1066D9B} = {6D05D5BC-00C6-4330-A329-815209538136}
		{AF817439-6395-4CCB-AE2D-478FAE13BDB5} = {FC47D46A-57BB-4A1A-AC52-A227289E85A8}
		{980078BA-EDEF-4597-AFF5-9695BDCBEBCE} = {6D05D5BC-00C6-4330-A329-815209538136}
		{FBC599F3-E309-4230-8A7C-D11291BE5888} = {6D05D5BC-00C6-4330-A329-815209538136}
		{2C77C1F4-70CB-4909-8520-5E099E472130} = {A7AAF327-CA00-421E-87FD-B8A73FE155B2}
	EndGlobalSection
	GlobalSection(ExtensibilityGlobals) = postSolution
		SolutionGuid = {C7EB0258-351C-4E78-BFD0-993ACF0661DC}
	EndGlobalSection
EndGlobal
