
Microsoft Visual Studio Solution File, Format Version 12.00
# Visual Studio Version 16
VisualStudioVersion = 16.0.29424.173
MinimumVisualStudioVersion = 10.0.40219.1
Project("{2150E333-8FDC-42A3-9474-1A3956D46DE8}") = "ApiGateways", "ApiGateways", "{15E512C4-6210-4A31-A6FB-9FDF94CA0FEA}"
EndProject
Project("{9A19103F-16F7-4668-BE54-9A1E7A4F7556}") = "WebApiGateway", "ApiGateways\WebApiGateway\WebApiGateway.csproj", "{134BD8D1-EFD8-4280-853A-6B8922FBD9CD}"
EndProject
Project("{2150E333-8FDC-42A3-9474-1A3956D46DE8}") = "Events", "Events", "{FC47D46A-57BB-4A1A-AC52-A227289E85A8}"
EndProject
Project("{9A19103F-16F7-4668-BE54-9A1E7A4F7556}") = "Events.API", "Events\Events.API\Events.API.csproj", "{01F1C6F4-0B87-4FDD-8DE1-3CE694002EE9}"
EndProject
Project("{2150E333-8FDC-42A3-9474-1A3956D46DE8}") = "BuildingBlocks", "BuildingBlocks", "{874A2AF7-C209-4C18-97E4-EB5C19A217CD}"
EndProject
Project("{9A19103F-16F7-4668-BE54-9A1E7A4F7556}") = "Shared", "Shared\Shared.csproj", "{99C9BD0E-336B-4E7F-BF76-36363B4CBDD0}"
EndProject
Project("{9A19103F-16F7-4668-BE54-9A1E7A4F7556}") = "Events.Tests", "Events\Events.Tests\Events.Tests.csproj", "{1D330BFE-EDF1-4453-94E4-EC4609286158}"
EndProject
Project("{2150E333-8FDC-42A3-9474-1A3956D46DE8}") = "Identity", "Identity", "{A91FE4BB-F2D8-4D25-93A1-1AB6968ECA1B}"
EndProject
Project("{9A19103F-16F7-4668-BE54-9A1E7A4F7556}") = "Identity", "Identity\Identity\Identity.csproj", "{0AD16FF0-4CC1-410B-AB44-231B8D8BC2A1}"
EndProject
Project("{2150E333-8FDC-42A3-9474-1A3956D46DE8}") = "Client", "Client", "{F7CA5FBB-65D9-47F5-B551-739F80C83051}"
EndProject
Project("{9A19103F-16F7-4668-BE54-9A1E7A4F7556}") = "WebApp", "Client\WebApp\WebApp.csproj", "{96A249F4-233D-420F-90F0-27F75F697421}"
EndProject
Global
	GlobalSection(SolutionConfigurationPlatforms) = preSolution
		Debug|Any CPU = Debug|Any CPU
		Release|Any CPU = Release|Any CPU
	EndGlobalSection
	GlobalSection(ProjectConfigurationPlatforms) = postSolution
		{134BD8D1-EFD8-4280-853A-6B8922FBD9CD}.Debug|Any CPU.ActiveCfg = Debug|Any CPU
		{134BD8D1-EFD8-4280-853A-6B8922FBD9CD}.Debug|Any CPU.Build.0 = Debug|Any CPU
		{134BD8D1-EFD8-4280-853A-6B8922FBD9CD}.Release|Any CPU.ActiveCfg = Release|Any CPU
		{134BD8D1-EFD8-4280-853A-6B8922FBD9CD}.Release|Any CPU.Build.0 = Release|Any CPU
		{01F1C6F4-0B87-4FDD-8DE1-3CE694002EE9}.Debug|Any CPU.ActiveCfg = Debug|Any CPU
		{01F1C6F4-0B87-4FDD-8DE1-3CE694002EE9}.Debug|Any CPU.Build.0 = Debug|Any CPU
		{01F1C6F4-0B87-4FDD-8DE1-3CE694002EE9}.Release|Any CPU.ActiveCfg = Release|Any CPU
		{01F1C6F4-0B87-4FDD-8DE1-3CE694002EE9}.Release|Any CPU.Build.0 = Release|Any CPU
		{99C9BD0E-336B-4E7F-BF76-36363B4CBDD0}.Debug|Any CPU.ActiveCfg = Debug|Any CPU
		{99C9BD0E-336B-4E7F-BF76-36363B4CBDD0}.Debug|Any CPU.Build.0 = Debug|Any CPU
		{99C9BD0E-336B-4E7F-BF76-36363B4CBDD0}.Release|Any CPU.ActiveCfg = Release|Any CPU
		{99C9BD0E-336B-4E7F-BF76-36363B4CBDD0}.Release|Any CPU.Build.0 = Release|Any CPU
		{1D330BFE-EDF1-4453-94E4-EC4609286158}.Debug|Any CPU.ActiveCfg = Debug|Any CPU
		{1D330BFE-EDF1-4453-94E4-EC4609286158}.Debug|Any CPU.Build.0 = Debug|Any CPU
		{1D330BFE-EDF1-4453-94E4-EC4609286158}.Release|Any CPU.ActiveCfg = Release|Any CPU
		{1D330BFE-EDF1-4453-94E4-EC4609286158}.Release|Any CPU.Build.0 = Release|Any CPU
		{0AD16FF0-4CC1-410B-AB44-231B8D8BC2A1}.Debug|Any CPU.ActiveCfg = Debug|Any CPU
		{0AD16FF0-4CC1-410B-AB44-231B8D8BC2A1}.Debug|Any CPU.Build.0 = Debug|Any CPU
		{0AD16FF0-4CC1-410B-AB44-231B8D8BC2A1}.Release|Any CPU.ActiveCfg = Release|Any CPU
		{0AD16FF0-4CC1-410B-AB44-231B8D8BC2A1}.Release|Any CPU.Build.0 = Release|Any CPU
		{96A249F4-233D-420F-90F0-27F75F697421}.Debug|Any CPU.ActiveCfg = Debug|Any CPU
		{96A249F4-233D-420F-90F0-27F75F697421}.Debug|Any CPU.Build.0 = Debug|Any CPU
		{96A249F4-233D-420F-90F0-27F75F697421}.Release|Any CPU.ActiveCfg = Release|Any CPU
		{96A249F4-233D-420F-90F0-27F75F697421}.Release|Any CPU.Build.0 = Release|Any CPU
	EndGlobalSection
	GlobalSection(SolutionProperties) = preSolution
		HideSolutionNode = FALSE
	EndGlobalSection
	GlobalSection(NestedProjects) = preSolution
		{134BD8D1-EFD8-4280-853A-6B8922FBD9CD} = {15E512C4-6210-4A31-A6FB-9FDF94CA0FEA}
		{01F1C6F4-0B87-4FDD-8DE1-3CE694002EE9} = {FC47D46A-57BB-4A1A-AC52-A227289E85A8}
		{99C9BD0E-336B-4E7F-BF76-36363B4CBDD0} = {874A2AF7-C209-4C18-97E4-EB5C19A217CD}
		{1D330BFE-EDF1-4453-94E4-EC4609286158} = {FC47D46A-57BB-4A1A-AC52-A227289E85A8}
		{0AD16FF0-4CC1-410B-AB44-231B8D8BC2A1} = {A91FE4BB-F2D8-4D25-93A1-1AB6968ECA1B}
		{96A249F4-233D-420F-90F0-27F75F697421} = {F7CA5FBB-65D9-47F5-B551-739F80C83051}
	EndGlobalSection
	GlobalSection(ExtensibilityGlobals) = postSolution
		SolutionGuid = {C7EB0258-351C-4E78-BFD0-993ACF0661DC}
	EndGlobalSection
EndGlobal
